Microsoft Visual Studio Solution File, Format Version 12.00
# Visual Studio Version 17
VisualStudioVersion = 17.5.2.0
MinimumVisualStudioVersion = 10.0.40219.1
Project("{FAE04EC0-301F-11D3-BF4B-00C04F79EFBC}") = "MeuPrimeiroApp", "MeuPrimeiroApp.csproj", "{E1EDEBF1-5469-7DD0-A183-E33F27C422B6}"
EndProject
Global
	GlobalSection(SolutionConfigurationPlatforms) = preSolution
		Debug|Any CPU = Debug|Any CPU
		Release|Any CPU = Release|Any CPU
	EndGlobalSection
	GlobalSection(ProjectConfigurationPlatforms) = postSolution
		{E1EDEBF1-5469-7DD0-A183-E33F27C422B6}.Debug|Any CPU.ActiveCfg = Debug|Any CPU
		{E1EDEBF1-5469-7DD0-A183-E33F27C422B6}.Debug|Any CPU.Build.0 = Debug|Any CPU
		{E1EDEBF1-5469-7DD0-A183-E33F27C422B6}.Release|Any CPU.ActiveCfg = Release|Any CPU
		{E1EDEBF1-5469-7DD0-A183-E33F27C422B6}.Release|Any CPU.Build.0 = Release|Any CPU
	EndGlobalSection
	GlobalSection(SolutionProperties) = preSolution
		HideSolutionNode = FALSE
	EndGlobalSection
	GlobalSection(ExtensibilityGlobals) = postSolution
		SolutionGuid = {1ADC24D4-2E2B-4BE7-BDD2-9DBAF3425BB1}
	EndGlobalSection
EndGlobal
